
Microsoft Visual Studio Solution File, Format Version 12.00
# Visual Studio Version 17
VisualStudioVersion = 17.8.34408.163
MinimumVisualStudioVersion = 10.0.40219.1
Project("{FAE04EC0-301F-11D3-BF4B-00C04F79EFBC}") = "EnriquezObjectOrientedProgramming", "EnriquezObjectOrientedProgramming.csproj", "{74E04CB2-4A40-4EEA-897D-089C615414F0}"
EndProject
Global
	GlobalSection(SolutionConfigurationPlatforms) = preSolution
		Debug|Any CPU = Debug|Any CPU
		Release|Any CPU = Release|Any CPU
	EndGlobalSection
	GlobalSection(ProjectConfigurationPlatforms) = postSolution
		{74E04CB2-4A40-4EEA-897D-089C615414F0}.Debug|Any CPU.ActiveCfg = Debug|Any CPU
		{74E04CB2-4A40-4EEA-897D-089C615414F0}.Debug|Any CPU.Build.0 = Debug|Any CPU
		{74E04CB2-4A40-4EEA-897D-089C615414F0}.Release|Any CPU.ActiveCfg = Release|Any CPU
		{74E04CB2-4A40-4EEA-897D-089C615414F0}.Release|Any CPU.Build.0 = Release|Any CPU
	EndGlobalSection
	GlobalSection(SolutionProperties) = preSolution
		HideSolutionNode = FALSE
	EndGlobalSection
	GlobalSection(ExtensibilityGlobals) = postSolution
		SolutionGuid = {1D400CA5-BDB0-47E4-9651-B9348EDE7120}
	EndGlobalSection
EndGlobal
